
Microsoft Visual Studio Solution File, Format Version 12.00
# Visual Studio 14
VisualStudioVersion = 14.0.24720.0
MinimumVisualStudioVersion = 10.0.40219.1
Project("{FAE04EC0-301F-11D3-BF4B-00C04F79EFBC}") = "Neo", "Neo\Neo.csproj", "{B1BF37BF-C6E1-4D7C-A0BA-AAE59EEBB913}"
EndProject
Project("{FAE04EC0-301F-11D3-BF4B-00C04F79EFBC}") = "libwarcraft", "lib\libwarcraft\libwarcraft\libwarcraft.csproj", "{DA06A44E-A67B-46C7-B07D-E90AEBED0502}"
EndProject
Project("{FAE04EC0-301F-11D3-BF4B-00C04F79EFBC}") = "SlimTK", "lib\SlimTK\SlimTK\SlimTK.csproj", "{06C99D4B-9FD6-4AAA-83FD-CEB5CB308121}"
EndProject
Global
	GlobalSection(SolutionConfigurationPlatforms) = preSolution
		Debug|Any CPU = Debug|Any CPU
		Debug|x64 = Debug|x64
		Debug|x86 = Debug|x86
		Release|Any CPU = Release|Any CPU
		Release|x64 = Release|x64
		Release|x86 = Release|x86
	EndGlobalSection
	GlobalSection(ProjectConfigurationPlatforms) = postSolution
		{B1BF37BF-C6E1-4D7C-A0BA-AAE59EEBB913}.Debug|Any CPU.ActiveCfg = Debug|Any CPU
		{B1BF37BF-C6E1-4D7C-A0BA-AAE59EEBB913}.Debug|Any CPU.Build.0 = Debug|Any CPU
		{B1BF37BF-C6E1-4D7C-A0BA-AAE59EEBB913}.Debug|x64.ActiveCfg = Debug|x64
		{B1BF37BF-C6E1-4D7C-A0BA-AAE59EEBB913}.Debug|x64.Build.0 = Debug|x64
		{B1BF37BF-C6E1-4D7C-A0BA-AAE59EEBB913}.Debug|x86.ActiveCfg = Debug|x86
		{B1BF37BF-C6E1-4D7C-A0BA-AAE59EEBB913}.Debug|x86.Build.0 = Debug|x86
		{B1BF37BF-C6E1-4D7C-A0BA-AAE59EEBB913}.Release|Any CPU.ActiveCfg = Release|Any CPU
		{B1BF37BF-C6E1-4D7C-A0BA-AAE59EEBB913}.Release|Any CPU.Build.0 = Release|Any CPU
		{B1BF37BF-C6E1-4D7C-A0BA-AAE59EEBB913}.Release|x64.ActiveCfg = Release|x64
		{B1BF37BF-C6E1-4D7C-A0BA-AAE59EEBB913}.Release|x64.Build.0 = Release|x64
		{B1BF37BF-C6E1-4D7C-A0BA-AAE59EEBB913}.Release|x86.ActiveCfg = Release|x86
		{B1BF37BF-C6E1-4D7C-A0BA-AAE59EEBB913}.Release|x86.Build.0 = Release|x86
		{DA06A44E-A67B-46C7-B07D-E90AEBED0502}.Debug|Any CPU.ActiveCfg = Debug|Any CPU
		{DA06A44E-A67B-46C7-B07D-E90AEBED0502}.Debug|Any CPU.Build.0 = Debug|Any CPU
		{DA06A44E-A67B-46C7-B07D-E90AEBED0502}.Debug|x64.ActiveCfg = Debug|x64
		{DA06A44E-A67B-46C7-B07D-E90AEBED0502}.Debug|x64.Build.0 = Debug|x64
		{DA06A44E-A67B-46C7-B07D-E90AEBED0502}.Debug|x86.ActiveCfg = Debug|x86
		{DA06A44E-A67B-46C7-B07D-E90AEBED0502}.Debug|x86.Build.0 = Debug|x86
		{DA06A44E-A67B-46C7-B07D-E90AEBED0502}.Release|Any CPU.ActiveCfg = Release|Any CPU
		{DA06A44E-A67B-46C7-B07D-E90AEBED0502}.Release|Any CPU.Build.0 = Release|Any CPU
		{DA06A44E-A67B-46C7-B07D-E90AEBED0502}.Release|x64.ActiveCfg = Release|x64
		{DA06A44E-A67B-46C7-B07D-E90AEBED0502}.Release|x64.Build.0 = Release|x64
		{DA06A44E-A67B-46C7-B07D-E90AEBED0502}.Release|x86.ActiveCfg = Release|x86
		{DA06A44E-A67B-46C7-B07D-E90AEBED0502}.Release|x86.Build.0 = Release|x86
		{06C99D4B-9FD6-4AAA-83FD-CEB5CB308121}.Debug|Any CPU.ActiveCfg = Debug|Any CPU
		{06C99D4B-9FD6-4AAA-83FD-CEB5CB308121}.Debug|Any CPU.Build.0 = Debug|Any CPU
		{06C99D4B-9FD6-4AAA-83FD-CEB5CB308121}.Debug|x64.ActiveCfg = Debug|x64
		{06C99D4B-9FD6-4AAA-83FD-CEB5CB308121}.Debug|x64.Build.0 = Debug|x64
		{06C99D4B-9FD6-4AAA-83FD-CEB5CB308121}.Debug|x86.ActiveCfg = Debug|x86
		{06C99D4B-9FD6-4AAA-83FD-CEB5CB308121}.Debug|x86.Build.0 = Debug|x86
		{06C99D4B-9FD6-4AAA-83FD-CEB5CB308121}.Release|Any CPU.ActiveCfg = Release|Any CPU
		{06C99D4B-9FD6-4AAA-83FD-CEB5CB308121}.Release|Any CPU.Build.0 = Release|Any CPU
		{06C99D4B-9FD6-4AAA-83FD-CEB5CB308121}.Release|x64.ActiveCfg = Release|x64
		{06C99D4B-9FD6-4AAA-83FD-CEB5CB308121}.Release|x64.Build.0 = Release|x64
		{06C99D4B-9FD6-4AAA-83FD-CEB5CB308121}.Release|x86.ActiveCfg = Release|x86
		{06C99D4B-9FD6-4AAA-83FD-CEB5CB308121}.Release|x86.Build.0 = Release|x86
	EndGlobalSection
	GlobalSection(SolutionProperties) = preSolution
		HideSolutionNode = FALSE
	EndGlobalSection
EndGlobal
