
Microsoft Visual Studio Solution File, Format Version 12.00
# Visual Studio 14
VisualStudioVersion = 14.0.24720.0
MinimumVisualStudioVersion = 10.0.40219.1
Project("{FAE04EC0-301F-11D3-BF4B-00C04F79EFBC}") = "WoWEditor6", "WoWEditor6\WoWEditor6.csproj", "{B1BF37BF-C6E1-4D7C-A0BA-AAE59EEBB913}"
EndProject
Project("{FAE04EC0-301F-11D3-BF4B-00C04F79EFBC}") = "DBCLib", "DBCLib\DBCLib.csproj", "{56986B19-61B4-41A0-B366-598A20C85EBA}"
EndProject
Project("{FAE04EC0-301F-11D3-BF4B-00C04F79EFBC}") = "WDBXLib", "WDBXLib\WDBXLib.csproj", "{BF2D7358-804E-4299-8972-301F1D5E2400}"
EndProject
Global
	GlobalSection(SolutionConfigurationPlatforms) = preSolution
		Debug|Any CPU = Debug|Any CPU
		Debug|x64 = Debug|x64
		Debug|x86 = Debug|x86
		Release|Any CPU = Release|Any CPU
		Release|x64 = Release|x64
		Release|x86 = Release|x86
	EndGlobalSection
	GlobalSection(ProjectConfigurationPlatforms) = postSolution
		{B1BF37BF-C6E1-4D7C-A0BA-AAE59EEBB913}.Debug|Any CPU.ActiveCfg = Debug|Any CPU
		{B1BF37BF-C6E1-4D7C-A0BA-AAE59EEBB913}.Debug|Any CPU.Build.0 = Debug|Any CPU
		{B1BF37BF-C6E1-4D7C-A0BA-AAE59EEBB913}.Debug|x64.ActiveCfg = Debug|x64
		{B1BF37BF-C6E1-4D7C-A0BA-AAE59EEBB913}.Debug|x64.Build.0 = Debug|x64
		{B1BF37BF-C6E1-4D7C-A0BA-AAE59EEBB913}.Debug|x86.ActiveCfg = Debug|x86
		{B1BF37BF-C6E1-4D7C-A0BA-AAE59EEBB913}.Debug|x86.Build.0 = Debug|x86
		{B1BF37BF-C6E1-4D7C-A0BA-AAE59EEBB913}.Release|Any CPU.ActiveCfg = Release|Any CPU
		{B1BF37BF-C6E1-4D7C-A0BA-AAE59EEBB913}.Release|Any CPU.Build.0 = Release|Any CPU
		{B1BF37BF-C6E1-4D7C-A0BA-AAE59EEBB913}.Release|x64.ActiveCfg = Release|x64
		{B1BF37BF-C6E1-4D7C-A0BA-AAE59EEBB913}.Release|x64.Build.0 = Release|x64
		{B1BF37BF-C6E1-4D7C-A0BA-AAE59EEBB913}.Release|x86.ActiveCfg = Release|x86
		{B1BF37BF-C6E1-4D7C-A0BA-AAE59EEBB913}.Release|x86.Build.0 = Release|x86
		{56986B19-61B4-41A0-B366-598A20C85EBA}.Debug|Any CPU.ActiveCfg = Debug|Any CPU
		{56986B19-61B4-41A0-B366-598A20C85EBA}.Debug|Any CPU.Build.0 = Debug|Any CPU
		{56986B19-61B4-41A0-B366-598A20C85EBA}.Debug|x64.ActiveCfg = Debug|Any CPU
		{56986B19-61B4-41A0-B366-598A20C85EBA}.Debug|x64.Build.0 = Debug|Any CPU
		{56986B19-61B4-41A0-B366-598A20C85EBA}.Debug|x86.ActiveCfg = Debug|Any CPU
		{56986B19-61B4-41A0-B366-598A20C85EBA}.Debug|x86.Build.0 = Debug|Any CPU
		{56986B19-61B4-41A0-B366-598A20C85EBA}.Release|Any CPU.ActiveCfg = Release|Any CPU
		{56986B19-61B4-41A0-B366-598A20C85EBA}.Release|Any CPU.Build.0 = Release|Any CPU
		{56986B19-61B4-41A0-B366-598A20C85EBA}.Release|x64.ActiveCfg = Release|Any CPU
		{56986B19-61B4-41A0-B366-598A20C85EBA}.Release|x64.Build.0 = Release|Any CPU
		{56986B19-61B4-41A0-B366-598A20C85EBA}.Release|x86.ActiveCfg = Release|Any CPU
		{56986B19-61B4-41A0-B366-598A20C85EBA}.Release|x86.Build.0 = Release|Any CPU
		{BF2D7358-804E-4299-8972-301F1D5E2400}.Debug|Any CPU.ActiveCfg = Debug|Any CPU
		{BF2D7358-804E-4299-8972-301F1D5E2400}.Debug|Any CPU.Build.0 = Debug|Any CPU
		{BF2D7358-804E-4299-8972-301F1D5E2400}.Debug|x64.ActiveCfg = Debug|Any CPU
		{BF2D7358-804E-4299-8972-301F1D5E2400}.Debug|x64.Build.0 = Debug|Any CPU
		{BF2D7358-804E-4299-8972-301F1D5E2400}.Debug|x86.ActiveCfg = Debug|Any CPU
		{BF2D7358-804E-4299-8972-301F1D5E2400}.Debug|x86.Build.0 = Debug|Any CPU
		{BF2D7358-804E-4299-8972-301F1D5E2400}.Release|Any CPU.ActiveCfg = Release|Any CPU
		{BF2D7358-804E-4299-8972-301F1D5E2400}.Release|Any CPU.Build.0 = Release|Any CPU
		{BF2D7358-804E-4299-8972-301F1D5E2400}.Release|x64.ActiveCfg = Release|Any CPU
		{BF2D7358-804E-4299-8972-301F1D5E2400}.Release|x64.Build.0 = Release|Any CPU
		{BF2D7358-804E-4299-8972-301F1D5E2400}.Release|x86.ActiveCfg = Release|Any CPU
		{BF2D7358-804E-4299-8972-301F1D5E2400}.Release|x86.Build.0 = Release|Any CPU
	EndGlobalSection
	GlobalSection(SolutionProperties) = preSolution
		HideSolutionNode = FALSE
	EndGlobalSection
EndGlobal
